
Microsoft Visual Studio Solution File, Format Version 12.00
# Visual Studio Version 17
VisualStudioVersion = 17.13.35825.156
MinimumVisualStudioVersion = 10.0.40219.1
Project("{FAE04EC0-301F-11D3-BF4B-00C04F79EFBC}") = "SemanticKernelApp", "SemanticKernelApp.csproj", "{CCE077DE-660D-2F78-A7E2-C60CBCBF5702}"
EndProject
Global
	GlobalSection(SolutionConfigurationPlatforms) = preSolution
		Debug|Any CPU = Debug|Any CPU
		Release|Any CPU = Release|Any CPU
	EndGlobalSection
	GlobalSection(ProjectConfigurationPlatforms) = postSolution
		{CCE077DE-660D-2F78-A7E2-C60CBCBF5702}.Debug|Any CPU.ActiveCfg = Debug|Any CPU
		{CCE077DE-660D-2F78-A7E2-C60CBCBF5702}.Debug|Any CPU.Build.0 = Debug|Any CPU
		{CCE077DE-660D-2F78-A7E2-C60CBCBF5702}.Release|Any CPU.ActiveCfg = Release|Any CPU
		{CCE077DE-660D-2F78-A7E2-C60CBCBF5702}.Release|Any CPU.Build.0 = Release|Any CPU
	EndGlobalSection
	GlobalSection(SolutionProperties) = preSolution
		HideSolutionNode = FALSE
	EndGlobalSection
	GlobalSection(ExtensibilityGlobals) = postSolution
		SolutionGuid = {FD68887A-37AA-4335-B825-E030349CFF0E}
	EndGlobalSection
EndGlobal
